Microsoft Visual Studio Solution File, Format Version 12.00
# Visual Studio Version 17
VisualStudioVersion = 17.0.31912.275
MinimumVisualStudioVersion = 10.0.40219.1
Project("{9A19103F-16F7-4668-BE54-9A1E7A4F7556}") = "IviSdkCsharp", "IviSdk\IviSdkCsharp.csproj", "{A0D8390E-C81F-4BB8-85A3-4F9B5F86CD9B}"
EndProject
Project("{9A19103F-16F7-4668-BE54-9A1E7A4F7556}") = "IviSdkCsharp.Tests", "IviSdkCsharp.Tests\IviSdkCsharp.Tests.csproj", "{5A504092-DC22-4926-9D38-12BCA9B9CC39}"
EndProject
Project("{9A19103F-16F7-4668-BE54-9A1E7A4F7556}") = "IviSdkCsharp.ModelsGeneration", "IviSdkCsharp.ModelsGeneration\IviSdkCsharp.ModelsGeneration.csproj", "{2A1D35F6-6E49-43B5-9B37-B253F0B71E02}"
EndProject
Project("{2150E333-8FDC-42A3-9474-1A3956D46DE8}") = "Solution Items", "Solution Items", "{F868DFAF-0EDD-4B69-AB80-1C03C10F7FB7}"
	ProjectSection(SolutionItems) = preProject
		..\.gitmodules = ..\.gitmodules
		..\README.md = ..\README.md
	EndProjectSection
EndProject
Global
	GlobalSection(SolutionConfigurationPlatforms) = preSolution
		Debug|Any CPU = Debug|Any CPU
		Release|Any CPU = Release|Any CPU
	EndGlobalSection
	GlobalSection(ProjectConfigurationPlatforms) = postSolution
		{A0D8390E-C81F-4BB8-85A3-4F9B5F86CD9B}.Debug|Any CPU.ActiveCfg = Debug|Any CPU
		{A0D8390E-C81F-4BB8-85A3-4F9B5F86CD9B}.Debug|Any CPU.Build.0 = Debug|Any CPU
		{A0D8390E-C81F-4BB8-85A3-4F9B5F86CD9B}.Release|Any CPU.ActiveCfg = Release|Any CPU
		{A0D8390E-C81F-4BB8-85A3-4F9B5F86CD9B}.Release|Any CPU.Build.0 = Release|Any CPU
		{5A504092-DC22-4926-9D38-12BCA9B9CC39}.Debug|Any CPU.ActiveCfg = Debug|Any CPU
		{5A504092-DC22-4926-9D38-12BCA9B9CC39}.Debug|Any CPU.Build.0 = Debug|Any CPU
		{5A504092-DC22-4926-9D38-12BCA9B9CC39}.Release|Any CPU.ActiveCfg = Release|Any CPU
		{5A504092-DC22-4926-9D38-12BCA9B9CC39}.Release|Any CPU.Build.0 = Release|Any CPU
		{2A1D35F6-6E49-43B5-9B37-B253F0B71E02}.Debug|Any CPU.ActiveCfg = Debug|Any CPU
		{2A1D35F6-6E49-43B5-9B37-B253F0B71E02}.Debug|Any CPU.Build.0 = Debug|Any CPU
		{2A1D35F6-6E49-43B5-9B37-B253F0B71E02}.Release|Any CPU.ActiveCfg = Release|Any CPU
		{2A1D35F6-6E49-43B5-9B37-B253F0B71E02}.Release|Any CPU.Build.0 = Release|Any CPU
	EndGlobalSection
	GlobalSection(SolutionProperties) = preSolution
		HideSolutionNode = FALSE
	EndGlobalSection
	GlobalSection(ExtensibilityGlobals) = postSolution
		SolutionGuid = {9FA1AD30-9598-47D2-9F5E-79A67BD70FE5}
	EndGlobalSection
EndGlobal
